
Microsoft Visual Studio Solution File, Format Version 12.00
# Visual Studio 2013
VisualStudioVersion = 12.0.30501.0
MinimumVisualStudioVersion = 10.0.40219.1
Project("{1B19158F-E398-40A6-8E3B-350508E125F1}") = "Storyline12.Shared", "Storyline12.Shared\Storyline12.Shared.dxjsproj", "{9C923846-AE59-4487-A873-0621E7953924}"
EndProject
Project("{1B19158F-E398-40A6-8E3B-350508E125F1}") = "Storyline12.Mobile", "Storyline12.Mobile\Storyline12.Mobile.dxjsproj", "{638B95F5-9D55-40E7-A4F1-0E14DDADF9B2}"
EndProject
Project("{2150E333-8FDC-42A3-9474-1A3956D46DE8}") = "Solution Items", "Solution Items", "{30A7DB8C-F1E2-4A71-B3A1-3D45C810B14C}"
	ProjectSection(SolutionItems) = preProject
		README.md = README.md
		Методика исследования ригидности.story = Методика исследования ригидности.story
	EndProjectSection
EndProject
Global
	GlobalSection(SolutionConfigurationPlatforms) = preSolution
		Debug|Any CPU = Debug|Any CPU
		Release|Any CPU = Release|Any CPU
	EndGlobalSection
	GlobalSection(ProjectConfigurationPlatforms) = postSolution
		{9C923846-AE59-4487-A873-0621E7953924}.Debug|Any CPU.ActiveCfg = Debug|Any CPU
		{9C923846-AE59-4487-A873-0621E7953924}.Debug|Any CPU.Build.0 = Debug|Any CPU
		{9C923846-AE59-4487-A873-0621E7953924}.Release|Any CPU.ActiveCfg = Release|Any CPU
		{9C923846-AE59-4487-A873-0621E7953924}.Release|Any CPU.Build.0 = Release|Any CPU
		{638B95F5-9D55-40E7-A4F1-0E14DDADF9B2}.Debug|Any CPU.ActiveCfg = Debug|Any CPU
		{638B95F5-9D55-40E7-A4F1-0E14DDADF9B2}.Debug|Any CPU.Build.0 = Debug|Any CPU
		{638B95F5-9D55-40E7-A4F1-0E14DDADF9B2}.Release|Any CPU.ActiveCfg = Release|Any CPU
		{638B95F5-9D55-40E7-A4F1-0E14DDADF9B2}.Release|Any CPU.Build.0 = Release|Any CPU
	EndGlobalSection
	GlobalSection(SolutionProperties) = preSolution
		HideSolutionNode = FALSE
	EndGlobalSection
EndGlobal
