
Microsoft Visual Studio Solution File, Format Version 12.00
# Visual Studio 2013
VisualStudioVersion = 12.0.30501.0
MinimumVisualStudioVersion = 10.0.40219.1
Project("{1B19158F-E398-40A6-8E3B-350508E125F1}") = "Storyline23.Shared", "Storyline23.Shared\Storyline23.Shared.dxjsproj", "{A8ABE9A1-111B-47B6-B943-A8539A449219}"
EndProject
Project("{1B19158F-E398-40A6-8E3B-350508E125F1}") = "Storyline23.Mobile", "Storyline23.Mobile\Storyline23.Mobile.dxjsproj", "{C53F2657-EDB3-47F5-9DDC-621EA64F5604}"
EndProject
Project("{2150E333-8FDC-42A3-9474-1A3956D46DE8}") = "Solution Items", "Solution Items", "{132A3BD5-1776-4C13-8E53-E815CA95E650}"
	ProjectSection(SolutionItems) = preProject
		Анкета оценки нервно-психической устойчивости педагога.pdf = Анкета оценки нервно-психической устойчивости педагога.pdf
		Анкета оценки нервно-психической устойчивости педагога.story = Анкета оценки нервно-психической устойчивости педагога.story
	EndProjectSection
EndProject
Global
	GlobalSection(SolutionConfigurationPlatforms) = preSolution
		Debug|Any CPU = Debug|Any CPU
		Release|Any CPU = Release|Any CPU
	EndGlobalSection
	GlobalSection(ProjectConfigurationPlatforms) = postSolution
		{A8ABE9A1-111B-47B6-B943-A8539A449219}.Debug|Any CPU.ActiveCfg = Debug|Any CPU
		{A8ABE9A1-111B-47B6-B943-A8539A449219}.Debug|Any CPU.Build.0 = Debug|Any CPU
		{A8ABE9A1-111B-47B6-B943-A8539A449219}.Release|Any CPU.ActiveCfg = Release|Any CPU
		{A8ABE9A1-111B-47B6-B943-A8539A449219}.Release|Any CPU.Build.0 = Release|Any CPU
		{C53F2657-EDB3-47F5-9DDC-621EA64F5604}.Debug|Any CPU.ActiveCfg = Debug|Any CPU
		{C53F2657-EDB3-47F5-9DDC-621EA64F5604}.Debug|Any CPU.Build.0 = Debug|Any CPU
		{C53F2657-EDB3-47F5-9DDC-621EA64F5604}.Release|Any CPU.ActiveCfg = Release|Any CPU
		{C53F2657-EDB3-47F5-9DDC-621EA64F5604}.Release|Any CPU.Build.0 = Release|Any CPU
	EndGlobalSection
	GlobalSection(SolutionProperties) = preSolution
		HideSolutionNode = FALSE
	EndGlobalSection
EndGlobal
