
Microsoft Visual Studio Solution File, Format Version 12.00
# Visual Studio 2013
VisualStudioVersion = 12.0.30501.0
MinimumVisualStudioVersion = 10.0.40219.1
Project("{1B19158F-E398-40A6-8E3B-350508E125F1}") = "Storyline19.Shared", "Storyline19.Shared\Storyline19.Shared.dxjsproj", "{E6773179-52C5-4141-9243-8B9DADE4CA78}"
EndProject
Project("{1B19158F-E398-40A6-8E3B-350508E125F1}") = "Storyline19.Mobile", "Storyline19.Mobile\Storyline19.Mobile.dxjsproj", "{D09AAC6C-30E6-4B94-9CBD-617CAD54817C}"
EndProject
Project("{2150E333-8FDC-42A3-9474-1A3956D46DE8}") = "Solution Items", "Solution Items", "{DD937347-7DC8-4911-B0BE-0A1EFB519BB4}"
	ProjectSection(SolutionItems) = preProject
		blank.doc = blank.doc
		manual.doc = manual.doc
		Установки на военную службу.story = Установки на военную службу.story
	EndProjectSection
EndProject
Global
	GlobalSection(SolutionConfigurationPlatforms) = preSolution
		Debug|Any CPU = Debug|Any CPU
		Release|Any CPU = Release|Any CPU
	EndGlobalSection
	GlobalSection(ProjectConfigurationPlatforms) = postSolution
		{E6773179-52C5-4141-9243-8B9DADE4CA78}.Debug|Any CPU.ActiveCfg = Debug|Any CPU
		{E6773179-52C5-4141-9243-8B9DADE4CA78}.Debug|Any CPU.Build.0 = Debug|Any CPU
		{E6773179-52C5-4141-9243-8B9DADE4CA78}.Release|Any CPU.ActiveCfg = Release|Any CPU
		{E6773179-52C5-4141-9243-8B9DADE4CA78}.Release|Any CPU.Build.0 = Release|Any CPU
		{D09AAC6C-30E6-4B94-9CBD-617CAD54817C}.Debug|Any CPU.ActiveCfg = Debug|Any CPU
		{D09AAC6C-30E6-4B94-9CBD-617CAD54817C}.Debug|Any CPU.Build.0 = Debug|Any CPU
		{D09AAC6C-30E6-4B94-9CBD-617CAD54817C}.Release|Any CPU.ActiveCfg = Release|Any CPU
		{D09AAC6C-30E6-4B94-9CBD-617CAD54817C}.Release|Any CPU.Build.0 = Release|Any CPU
	EndGlobalSection
	GlobalSection(SolutionProperties) = preSolution
		HideSolutionNode = FALSE
	EndGlobalSection
EndGlobal
