
Microsoft Visual Studio Solution File, Format Version 12.00
# Visual Studio 2013
VisualStudioVersion = 12.0.30501.0
MinimumVisualStudioVersion = 10.0.40219.1
Project("{1B19158F-E398-40A6-8E3B-350508E125F1}") = "Storyline3.Shared", "Storyline3.Shared\Storyline3.Shared.dxjsproj", "{58B2C875-7747-4A50-9779-EFB38F6E6205}"
EndProject
Project("{1B19158F-E398-40A6-8E3B-350508E125F1}") = "Storyline3.Mobile", "Storyline3.Mobile\Storyline3.Mobile.dxjsproj", "{483131BA-E341-4A48-BCF9-814ABE947820}"
EndProject
Project("{2150E333-8FDC-42A3-9474-1A3956D46DE8}") = "Solution Items", "Solution Items", "{E38EEF0A-13A7-4D6D-8718-28A1FC327EDA}"
	ProjectSection(SolutionItems) = preProject
		README.md = README.md
		Ваши друзья.story = Ваши друзья.story
	EndProjectSection
EndProject
Global
	GlobalSection(SolutionConfigurationPlatforms) = preSolution
		Debug|Any CPU = Debug|Any CPU
		Release|Any CPU = Release|Any CPU
	EndGlobalSection
	GlobalSection(ProjectConfigurationPlatforms) = postSolution
		{58B2C875-7747-4A50-9779-EFB38F6E6205}.Debug|Any CPU.ActiveCfg = Debug|Any CPU
		{58B2C875-7747-4A50-9779-EFB38F6E6205}.Debug|Any CPU.Build.0 = Debug|Any CPU
		{58B2C875-7747-4A50-9779-EFB38F6E6205}.Release|Any CPU.ActiveCfg = Release|Any CPU
		{58B2C875-7747-4A50-9779-EFB38F6E6205}.Release|Any CPU.Build.0 = Release|Any CPU
		{483131BA-E341-4A48-BCF9-814ABE947820}.Debug|Any CPU.ActiveCfg = Debug|Any CPU
		{483131BA-E341-4A48-BCF9-814ABE947820}.Debug|Any CPU.Build.0 = Debug|Any CPU
		{483131BA-E341-4A48-BCF9-814ABE947820}.Release|Any CPU.ActiveCfg = Release|Any CPU
		{483131BA-E341-4A48-BCF9-814ABE947820}.Release|Any CPU.Build.0 = Release|Any CPU
	EndGlobalSection
	GlobalSection(SolutionProperties) = preSolution
		HideSolutionNode = FALSE
	EndGlobalSection
EndGlobal
