
Microsoft Visual Studio Solution File, Format Version 12.00
# Visual Studio 2013
VisualStudioVersion = 12.0.30501.0
MinimumVisualStudioVersion = 10.0.40219.1
Project("{1B19158F-E398-40A6-8E3B-350508E125F1}") = "Storyline17.Shared", "Storyline17.Shared\Storyline17.Shared.dxjsproj", "{27D1B08F-419C-4B94-92F0-2A247D9E6F7B}"
EndProject
Project("{1B19158F-E398-40A6-8E3B-350508E125F1}") = "Storyline17.Mobile", "Storyline17.Mobile\Storyline17.Mobile.dxjsproj", "{382DB1FC-EAC6-41C6-BA75-80111EB3FC99}"
EndProject
Project("{2150E333-8FDC-42A3-9474-1A3956D46DE8}") = "Solution Items", "Solution Items", "{BA4B5E85-4124-4337-A035-B28206C83766}"
	ProjectSection(SolutionItems) = preProject
		README.md = README.md
		Большая любовь или легкое увлечение.story = Большая любовь или легкое увлечение.story
	EndProjectSection
EndProject
Global
	GlobalSection(SolutionConfigurationPlatforms) = preSolution
		Debug|Any CPU = Debug|Any CPU
		Release|Any CPU = Release|Any CPU
	EndGlobalSection
	GlobalSection(ProjectConfigurationPlatforms) = postSolution
		{27D1B08F-419C-4B94-92F0-2A247D9E6F7B}.Debug|Any CPU.ActiveCfg = Debug|Any CPU
		{27D1B08F-419C-4B94-92F0-2A247D9E6F7B}.Debug|Any CPU.Build.0 = Debug|Any CPU
		{27D1B08F-419C-4B94-92F0-2A247D9E6F7B}.Release|Any CPU.ActiveCfg = Release|Any CPU
		{27D1B08F-419C-4B94-92F0-2A247D9E6F7B}.Release|Any CPU.Build.0 = Release|Any CPU
		{382DB1FC-EAC6-41C6-BA75-80111EB3FC99}.Debug|Any CPU.ActiveCfg = Debug|Any CPU
		{382DB1FC-EAC6-41C6-BA75-80111EB3FC99}.Debug|Any CPU.Build.0 = Debug|Any CPU
		{382DB1FC-EAC6-41C6-BA75-80111EB3FC99}.Release|Any CPU.ActiveCfg = Release|Any CPU
		{382DB1FC-EAC6-41C6-BA75-80111EB3FC99}.Release|Any CPU.Build.0 = Release|Any CPU
	EndGlobalSection
	GlobalSection(SolutionProperties) = preSolution
		HideSolutionNode = FALSE
	EndGlobalSection
EndGlobal
