
Microsoft Visual Studio Solution File, Format Version 12.00
# Visual Studio 2013
VisualStudioVersion = 12.0.30501.0
MinimumVisualStudioVersion = 10.0.40219.1
Project("{1B19158F-E398-40A6-8E3B-350508E125F1}") = "Storyline2.Shared", "Storyline2.Shared\Storyline2.Shared.dxjsproj", "{35DB65C1-FF42-4A77-9E0F-AD9DB430B000}"
EndProject
Project("{1B19158F-E398-40A6-8E3B-350508E125F1}") = "Storyline2.Mobile", "Storyline2.Mobile\Storyline2.Mobile.dxjsproj", "{49CB1358-E8DC-40B1-8793-3A63DBB37A6E}"
EndProject
Project("{2150E333-8FDC-42A3-9474-1A3956D46DE8}") = "Solution Items", "Solution Items", "{A0A2948F-B68F-49CB-BD69-AEE5B0F9910D}"
	ProjectSection(SolutionItems) = preProject
		README.md = README.md
	EndProjectSection
EndProject
Global
	GlobalSection(SolutionConfigurationPlatforms) = preSolution
		Debug|Any CPU = Debug|Any CPU
		Release|Any CPU = Release|Any CPU
	EndGlobalSection
	GlobalSection(ProjectConfigurationPlatforms) = postSolution
		{35DB65C1-FF42-4A77-9E0F-AD9DB430B000}.Debug|Any CPU.ActiveCfg = Debug|Any CPU
		{35DB65C1-FF42-4A77-9E0F-AD9DB430B000}.Debug|Any CPU.Build.0 = Debug|Any CPU
		{35DB65C1-FF42-4A77-9E0F-AD9DB430B000}.Release|Any CPU.ActiveCfg = Release|Any CPU
		{35DB65C1-FF42-4A77-9E0F-AD9DB430B000}.Release|Any CPU.Build.0 = Release|Any CPU
		{49CB1358-E8DC-40B1-8793-3A63DBB37A6E}.Debug|Any CPU.ActiveCfg = Debug|Any CPU
		{49CB1358-E8DC-40B1-8793-3A63DBB37A6E}.Debug|Any CPU.Build.0 = Debug|Any CPU
		{49CB1358-E8DC-40B1-8793-3A63DBB37A6E}.Release|Any CPU.ActiveCfg = Release|Any CPU
		{49CB1358-E8DC-40B1-8793-3A63DBB37A6E}.Release|Any CPU.Build.0 = Release|Any CPU
	EndGlobalSection
	GlobalSection(SolutionProperties) = preSolution
		HideSolutionNode = FALSE
	EndGlobalSection
EndGlobal
